{
	"name": "@aoagents/ao",
	"version": "0.10.0",
	"lockfileVersion": 3,
	"requires": true,
	"packages": {
		"": {
			"name": "@aoagents/ao",
			"version": "0.10.0",
			"license": "MIT",
			"bin": {
				"ao": "bin/ao.js"
			},
			"optionalDependencies": {
				"@aoagents/ao-darwin-arm64": "0.10.0",
				"@aoagents/ao-darwin-x64": "0.10.0",
				"@aoagents/ao-linux-x64": "0.10.0",
				"@aoagents/ao-win32-x64": "0.10.0"
			}
		},
		"node_modules/@aoagents/ao-darwin-arm64": {
			"version": "0.10.0",
			"resolved": "https://registry.npmjs.org/@aoagents/ao-darwin-arm64/-/ao-darwin-arm64-0.10.0.tgz",
			"integrity": "sha512-alkSowxP9FGEOxB1BpeyXgEDy74iMj+BHs6jO07VxIuIXguTE/q/UjniQ3ThObOyiEy9zKhLcq8Pm5o7SOUnmg==",
			"cpu": [
				"arm64"
			],
			"license": "MIT",
			"optional": true,
			"os": [
				"darwin"
			]
		},
		"node_modules/@aoagents/ao-darwin-x64": {
			"version": "0.10.0",
			"resolved": "https://registry.npmjs.org/@aoagents/ao-darwin-x64/-/ao-darwin-x64-0.10.0.tgz",
			"integrity": "sha512-ttusJhd6q2n9J7X3k40bDBPzDBZ+q7NCrAT1RGnD8yWn4vLK1upOrxOKQLOgTLp+IINuGO+tGhIDZrSHrus0Nw==",
			"cpu": [
				"x64"
			],
			"license": "MIT",
			"optional": true,
			"os": [
				"darwin"
			]
		},
		"node_modules/@aoagents/ao-linux-x64": {
			"version": "0.10.0",
			"resolved": "https://registry.npmjs.org/@aoagents/ao-linux-x64/-/ao-linux-x64-0.10.0.tgz",
			"integrity": "sha512-1VvHii5ODTGjDuQtEq03CmcS9jCq1btRzrzi8BUDMlax5GdCuXyIkYScXrcRl+y/JUks6/6VvUI6cm936N1jpw==",
			"cpu": [
				"x64"
			],
			"license": "MIT",
			"optional": true,
			"os": [
				"linux"
			]
		},
		"node_modules/@aoagents/ao-win32-x64": {
			"version": "0.10.0",
			"resolved": "https://registry.npmjs.org/@aoagents/ao-win32-x64/-/ao-win32-x64-0.10.0.tgz",
			"integrity": "sha512-ZZ+f22cq/qUQiMgg6rR0GIglmjod4o0bMVoteB2CFngYW5uH2aBuyOqLXcycFeYUBYDuTnA1Wifcg+lEMYpHGQ==",
			"cpu": [
				"x64"
			],
			"license": "MIT",
			"optional": true,
			"os": [
				"win32"
			]
		}
	}
}
